// !$*UTF8*$!
{
	archiveVersion = 1;
	classes = {
	};
	objectVersion = 77;
	objects = {

/* Begin PBXBuildFile section */
		B55906B52D1708A000CC17F2 /* AlertToast in Frameworks */ = {isa = PBXBuildFile; productRef = B55906B42D1708A000CC17F2 /* AlertToast */; };
		B55906B82D1708CB00CC17F2 /* AWSS3 in Frameworks */ = {isa = PBXBuildFile; productRef = B55906B72D1708CB00CC17F2 /* AWSS3 */; };
		B55906BB2D1708EF00CC17F2 /* CollectionConcurrencyKit in Frameworks */ = {isa = PBXBuildFile; productRef = B55906BA2D1708EF00CC17F2 /* CollectionConcurrencyKit */; };
		B55906BE2D17093C00CC17F2 /* Auth in Frameworks */ = {isa = PBXBuildFile; productRef = B55906BD2D17093C00CC17F2 /* Auth */; };
		B55906C02D17093C00CC17F2 /* PostgREST in Frameworks */ = {isa = PBXBuildFile; productRef = B55906BF2D17093C00CC17F2 /* PostgREST */; };
		B55906C22D17093C00CC17F2 /* Realtime in Frameworks */ = {isa = PBXBuildFile; productRef = B55906C12D17093C00CC17F2 /* Realtime */; };
		B55906C42D17093C00CC17F2 /* Supabase in Frameworks */ = {isa = PBXBuildFile; productRef = B55906C32D17093C00CC17F2 /* Supabase */; };
		B55906C72D17094E00CC17F2 /* Kingfisher in Frameworks */ = {isa = PBXBuildFile; productRef = B55906C62D17094E00CC17F2 /* Kingfisher */; };
		B55906D02D170CCA00CC17F2 /* GoogleSignIn in Frameworks */ = {isa = PBXBuildFile; productRef = B55906CF2D170CCA00CC17F2 /* GoogleSignIn */; };
		B55906D22D170CCA00CC17F2 /* GoogleSignInSwift in Frameworks */ = {isa = PBXBuildFile; productRef = B55906D12D170CCA00CC17F2 /* GoogleSignInSwift */; };
		B55906D62D170D7C00CC17F2 /* FirebaseAnalytics in Frameworks */ = {isa = PBXBuildFile; productRef = B55906D52D170D7C00CC17F2 /* FirebaseAnalytics */; };
		B55906D82D170D7C00CC17F2 /* FirebaseCore in Frameworks */ = {isa = PBXBuildFile; productRef = B55906D72D170D7C00CC17F2 /* FirebaseCore */; };
		B55906DA2D170D7C00CC17F2 /* FirebaseCrashlytics in Frameworks */ = {isa = PBXBuildFile; productRef = B55906D92D170D7C00CC17F2 /* FirebaseCrashlytics */; };
		B55906EA2D17264B00CC17F2 /* FirebaseMessaging in Frameworks */ = {isa = PBXBuildFile; productRef = B55906E92D17264B00CC17F2 /* FirebaseMessaging */; };
/* End PBXBuildFile section */

/* Begin PBXFileReference section */
		B53089352D16F1C60014D4AD /* App.app */ = {isa = PBXFileReference; explicitFileType = wrapper.application; includeInIndex = 0; path = App.app; sourceTree = BUILT_PRODUCTS_DIR; };
/* End PBXFileReference section */

/* Begin PBXFileSystemSynchronizedRootGroup section */
		B53089372D16F1C60014D4AD /* App */ = {
			isa = PBXFileSystemSynchronizedRootGroup;
			path = App;
			sourceTree = "<group>";
		};
/* End PBXFileSystemSynchronizedRootGroup section */

/* Begin PBXFrameworksBuildPhase section */
		B53089322D16F1C60014D4AD /* Frameworks */ = {
			isa = PBXFrameworksBuildPhase;
			buildActionMask = 2147483647;
			files = (
				B55906C42D17093C00CC17F2 /* Supabase in Frameworks */,
				B55906B82D1708CB00CC17F2 /* AWSS3 in Frameworks */,
				B55906EA2D17264B00CC17F2 /* FirebaseMessaging in Frameworks */,
				B55906B52D1708A000CC17F2 /* AlertToast in Frameworks */,
				B55906BE2D17093C00CC17F2 /* Auth in Frameworks */,
				B55906C72D17094E00CC17F2 /* Kingfisher in Frameworks */,
				B55906D22D170CCA00CC17F2 /* GoogleSignInSwift in Frameworks */,
				B55906D62D170D7C00CC17F2 /* FirebaseAnalytics in Frameworks */,
				B55906C22D17093C00CC17F2 /* Realtime in Frameworks */,
				B55906BB2D1708EF00CC17F2 /* CollectionConcurrencyKit in Frameworks */,
				B55906DA2D170D7C00CC17F2 /* FirebaseCrashlytics in Frameworks */,
				B55906C02D17093C00CC17F2 /* PostgREST in Frameworks */,
				B55906D82D170D7C00CC17F2 /* FirebaseCore in Frameworks */,
				B55906D02D170CCA00CC17F2 /* GoogleSignIn in Frameworks */,
			);
			runOnlyForDeploymentPostprocessing = 0;
		};
/* End PBXFrameworksBuildPhase section */

/* Begin PBXGroup section */
		B530892C2D16F1C60014D4AD = {
			isa = PBXGroup;
			children = (
				B53089372D16F1C60014D4AD /* App */,
				B55906E82D17264B00CC17F2 /* Frameworks */,
				B53089362D16F1C60014D4AD /* Products */,
			);
			sourceTree = "<group>";
		};
		B53089362D16F1C60014D4AD /* Products */ = {
			isa = PBXGroup;
			children = (
				B53089352D16F1C60014D4AD /* App.app */,
			);
			name = Products;
			sourceTree = "<group>";
		};
		B55906E82D17264B00CC17F2 /* Frameworks */ = {
			isa = PBXGroup;
			children = (
			);
			name = Frameworks;
			sourceTree = "<group>";
		};
/* End PBXGroup section */

/* Begin PBXNativeTarget section */
		B53089342D16F1C60014D4AD /* App */ = {
			isa = PBXNativeTarget;
			buildConfigurationList = B53089442D16F1C70014D4AD /* Build configuration list for PBXNativeTarget "App" */;
			buildPhases = (
				B53089312D16F1C60014D4AD /* Sources */,
				B53089322D16F1C60014D4AD /* Frameworks */,
				B53089332D16F1C60014D4AD /* Resources */,
			);
			buildRules = (
			);
			dependencies = (
			);
			fileSystemSynchronizedGroups = (
				B53089372D16F1C60014D4AD /* App */,
			);
			name = App;
			packageProductDependencies = (
				B55906B42D1708A000CC17F2 /* AlertToast */,
				B55906B72D1708CB00CC17F2 /* AWSS3 */,
				B55906BA2D1708EF00CC17F2 /* CollectionConcurrencyKit */,
				B55906BD2D17093C00CC17F2 /* Auth */,
				B55906BF2D17093C00CC17F2 /* PostgREST */,
				B55906C12D17093C00CC17F2 /* Realtime */,
				B55906C32D17093C00CC17F2 /* Supabase */,
				B55906C62D17094E00CC17F2 /* Kingfisher */,
				B55906CF2D170CCA00CC17F2 /* GoogleSignIn */,
				B55906D12D170CCA00CC17F2 /* GoogleSignInSwift */,
				B55906D52D170D7C00CC17F2 /* FirebaseAnalytics */,
				B55906D72D170D7C00CC17F2 /* FirebaseCore */,
				B55906D92D170D7C00CC17F2 /* FirebaseCrashlytics */,
				B55906E92D17264B00CC17F2 /* FirebaseMessaging */,
			);
			productName = App;
			productReference = B53089352D16F1C60014D4AD /* App.app */;
			productType = "com.apple.product-type.application";
		};
/* End PBXNativeTarget section */

/* Begin PBXProject section */
		B530892D2D16F1C60014D4AD /* Project object */ = {
			isa = PBXProject;
			attributes = {
				BuildIndependentTargetsInParallel = 1;
				LastSwiftUpdateCheck = 1620;
				LastUpgradeCheck = 1620;
				TargetAttributes = {
					B53089342D16F1C60014D4AD = {
						CreatedOnToolsVersion = 16.2;
					};
				};
			};
			buildConfigurationList = B53089302D16F1C60014D4AD /* Build configuration list for PBXProject "App" */;
			developmentRegion = en;
			hasScannedForEncodings = 0;
			knownRegions = (
				en,
				Base,
				ko,
			);
			mainGroup = B530892C2D16F1C60014D4AD;
			minimizedProjectReferenceProxies = 1;
			packageReferences = (
				B55906B32D1708A000CC17F2 /* XCRemoteSwiftPackageReference "AlertToast" */,
				B55906B62D1708CB00CC17F2 /* XCRemoteSwiftPackageReference "aws-sdk-ios-spm" */,
				B55906B92D1708EF00CC17F2 /* XCRemoteSwiftPackageReference "CollectionConcurrencyKit" */,
				B55906BC2D17093C00CC17F2 /* XCRemoteSwiftPackageReference "supabase-swift" */,
				B55906C52D17094E00CC17F2 /* XCRemoteSwiftPackageReference "Kingfisher" */,
				B55906CE2D170CCA00CC17F2 /* XCRemoteSwiftPackageReference "GoogleSignIn-iOS" */,
				B55906D42D170D7C00CC17F2 /* XCRemoteSwiftPackageReference "firebase-ios-sdk" */,
			);
			preferredProjectObjectVersion = 77;
			productRefGroup = B53089362D16F1C60014D4AD /* Products */;
			projectDirPath = "";
			projectRoot = "";
			targets = (
				B53089342D16F1C60014D4AD /* App */,
			);
		};
/* End PBXProject section */

/* Begin PBXResourcesBuildPhase section */
		B53089332D16F1C60014D4AD /* Resources */ = {
			isa = PBXResourcesBuildPhase;
			buildActionMask = 2147483647;
			files = (
			);
			runOnlyForDeploymentPostprocessing = 0;
		};
/* End PBXResourcesBuildPhase section */

/* Begin PBXSourcesBuildPhase section */
		B53089312D16F1C60014D4AD /* Sources */ = {
			isa = PBXSourcesBuildPhase;
			buildActionMask = 2147483647;
			files = (
			);
			runOnlyForDeploymentPostprocessing = 0;
		};
/* End PBXSourcesBuildPhase section */

/* Begin XCBuildConfiguration section */
		B53089422D16F1C70014D4AD /* Debug */ = {
			isa = XCBuildConfiguration;
			buildSettings = {
				ALWAYS_SEARCH_USER_PATHS = NO;
				ASSETCATALOG_COMPILER_GENERATE_SWIFT_ASSET_SYMBOL_EXTENSIONS = YES;
				CLANG_ANALYZER_NONNULL = YES;
				CLANG_ANALYZER_NUMBER_OBJECT_CONVERSION = YES_AGGRESSIVE;
				CLANG_CXX_LANGUAGE_STANDARD = "gnu++20";
				CLANG_ENABLE_MODULES = YES;
				CLANG_ENABLE_OBJC_ARC = YES;
				CLANG_ENABLE_OBJC_WEAK = YES;
				CLANG_WARN_BLOCK_CAPTURE_AUTORELEASING = YES;
				CLANG_WARN_BOOL_CONVERSION = YES;
				CLANG_WARN_COMMA = YES;
				CLANG_WARN_CONSTANT_CONVERSION = YES;
				CLANG_WARN_DEPRECATED_OBJC_IMPLEMENTATIONS = YES;
				CLANG_WARN_DIRECT_OBJC_ISA_USAGE = YES_ERROR;
				CLANG_WARN_DOCUMENTATION_COMMENTS = YES;
				CLANG_WARN_EMPTY_BODY = YES;
				CLANG_WARN_ENUM_CONVERSION = YES;
				CLANG_WARN_INFINITE_RECURSION = YES;
				CLANG_WARN_INT_CONVERSION = YES;
				CLANG_WARN_NON_LITERAL_NULL_CONVERSION = YES;
				CLANG_WARN_OBJC_IMPLICIT_RETAIN_SELF = YES;
				CLANG_WARN_OBJC_LITERAL_CONVERSION = YES;
				CLANG_WARN_OBJC_ROOT_CLASS = YES_ERROR;
				CLANG_WARN_QUOTED_INCLUDE_IN_FRAMEWORK_HEADER = YES;
				CLANG_WARN_RANGE_LOOP_ANALYSIS = YES;
				CLANG_WARN_STRICT_PROTOTYPES = YES;
				CLANG_WARN_SUSPICIOUS_MOVE = YES;
				CLANG_WARN_UNGUARDED_AVAILABILITY = YES_AGGRESSIVE;
				CLANG_WARN_UNREACHABLE_CODE = YES;
				CLANG_WARN__DUPLICATE_METHOD_MATCH = YES;
				COPY_PHASE_STRIP = NO;
				DEBUG_INFORMATION_FORMAT = dwarf;
				ENABLE_STRICT_OBJC_MSGSEND = YES;
				ENABLE_TESTABILITY = YES;
				ENABLE_USER_SCRIPT_SANDBOXING = YES;
				GCC_C_LANGUAGE_STANDARD = gnu17;
				GCC_DYNAMIC_NO_PIC = NO;
				GCC_NO_COMMON_BLOCKS = YES;
				GCC_OPTIMIZATION_LEVEL = 0;
				GCC_PREPROCESSOR_DEFINITIONS = (
					"DEBUG=1",
					"$(inherited)",
				);
				GCC_WARN_64_TO_32_BIT_CONVERSION = YES;
				GCC_WARN_ABOUT_RETURN_TYPE = YES_ERROR;
				GCC_WARN_UNDECLARED_SELECTOR = YES;
				GCC_WARN_UNINITIALIZED_AUTOS = YES_AGGRESSIVE;
				GCC_WARN_UNUSED_FUNCTION = YES;
				GCC_WARN_UNUSED_VARIABLE = YES;
				LOCALIZATION_PREFERS_STRING_CATALOGS = YES;
				MTL_ENABLE_DEBUG_INFO = INCLUDE_SOURCE;
				MTL_FAST_MATH = YES;
				ONLY_ACTIVE_ARCH = YES;
				SWIFT_ACTIVE_COMPILATION_CONDITIONS = "DEBUG $(inherited)";
				SWIFT_EMIT_LOC_STRINGS = YES;
				SWIFT_OPTIMIZATION_LEVEL = "-Onone";
			};
			name = Debug;
		};
		B53089432D16F1C70014D4AD /* Release */ = {
			isa = XCBuildConfiguration;
			buildSettings = {
				ALWAYS_SEARCH_USER_PATHS = NO;
				ASSETCATALOG_COMPILER_GENERATE_SWIFT_ASSET_SYMBOL_EXTENSIONS = YES;
				CLANG_ANALYZER_NONNULL = YES;
				CLANG_ANALYZER_NUMBER_OBJECT_CONVERSION = YES_AGGRESSIVE;
				CLANG_CXX_LANGUAGE_STANDARD = "gnu++20";
				CLANG_ENABLE_MODULES = YES;
				CLANG_ENABLE_OBJC_ARC = YES;
				CLANG_ENABLE_OBJC_WEAK = YES;
				CLANG_WARN_BLOCK_CAPTURE_AUTORELEASING = YES;
				CLANG_WARN_BOOL_CONVERSION = YES;
				CLANG_WARN_COMMA = YES;
				CLANG_WARN_CONSTANT_CONVERSION = YES;
				CLANG_WARN_DEPRECATED_OBJC_IMPLEMENTATIONS = YES;
				CLANG_WARN_DIRECT_OBJC_ISA_USAGE = YES_ERROR;
				CLANG_WARN_DOCUMENTATION_COMMENTS = YES;
				CLANG_WARN_EMPTY_BODY = YES;
				CLANG_WARN_ENUM_CONVERSION = YES;
				CLANG_WARN_INFINITE_RECURSION = YES;
				CLANG_WARN_INT_CONVERSION = YES;
				CLANG_WARN_NON_LITERAL_NULL_CONVERSION = YES;
				CLANG_WARN_OBJC_IMPLICIT_RETAIN_SELF = YES;
				CLANG_WARN_OBJC_LITERAL_CONVERSION = YES;
				CLANG_WARN_OBJC_ROOT_CLASS = YES_ERROR;
				CLANG_WARN_QUOTED_INCLUDE_IN_FRAMEWORK_HEADER = YES;
				CLANG_WARN_RANGE_LOOP_ANALYSIS = YES;
				CLANG_WARN_STRICT_PROTOTYPES = YES;
				CLANG_WARN_SUSPICIOUS_MOVE = YES;
				CLANG_WARN_UNGUARDED_AVAILABILITY = YES_AGGRESSIVE;
				CLANG_WARN_UNREACHABLE_CODE = YES;
				CLANG_WARN__DUPLICATE_METHOD_MATCH = YES;
				COPY_PHASE_STRIP = NO;
				DEBUG_INFORMATION_FORMAT = "dwarf-with-dsym";
				ENABLE_NS_ASSERTIONS = NO;
				ENABLE_STRICT_OBJC_MSGSEND = YES;
				ENABLE_USER_SCRIPT_SANDBOXING = YES;
				GCC_C_LANGUAGE_STANDARD = gnu17;
				GCC_NO_COMMON_BLOCKS = YES;
				GCC_WARN_64_TO_32_BIT_CONVERSION = YES;
				GCC_WARN_ABOUT_RETURN_TYPE = YES_ERROR;
				GCC_WARN_UNDECLARED_SELECTOR = YES;
				GCC_WARN_UNINITIALIZED_AUTOS = YES_AGGRESSIVE;
				GCC_WARN_UNUSED_FUNCTION = YES;
				GCC_WARN_UNUSED_VARIABLE = YES;
				LOCALIZATION_PREFERS_STRING_CATALOGS = YES;
				MTL_ENABLE_DEBUG_INFO = NO;
				MTL_FAST_MATH = YES;
				SWIFT_COMPILATION_MODE = wholemodule;
				SWIFT_EMIT_LOC_STRINGS = YES;
			};
			name = Release;
		};
		B53089452D16F1C70014D4AD /* Debug */ = {
			isa = XCBuildConfiguration;
			buildSettings = {
				ASSETCATALOG_COMPILER_APPICON_NAME = AppIcon;
				ASSETCATALOG_COMPILER_GLOBAL_ACCENT_COLOR_NAME = AccentColor;
				CODE_SIGN_ENTITLEMENTS = App/App.entitlements;
				CODE_SIGN_STYLE = Automatic;
				CURRENT_PROJECT_VERSION = 1;
				DEVELOPMENT_ASSET_PATHS = "\"App/Preview Content\"";
				DEVELOPMENT_TEAM = P9LU65UP9B;
				ENABLE_HARDENED_RUNTIME = YES;
				ENABLE_PREVIEWS = YES;
				GENERATE_INFOPLIST_FILE = YES;
				INFOPLIST_KEY_CFBundleDisplayName = SelfQuiz;
				"INFOPLIST_KEY_UIApplicationSceneManifest_Generation[sdk=iphoneos*]" = YES;
				"INFOPLIST_KEY_UIApplicationSceneManifest_Generation[sdk=iphonesimulator*]" = YES;
				"INFOPLIST_KEY_UIApplicationSupportsIndirectInputEvents[sdk=iphoneos*]" = YES;
				"INFOPLIST_KEY_UIApplicationSupportsIndirectInputEvents[sdk=iphonesimulator*]" = YES;
				"INFOPLIST_KEY_UILaunchScreen_Generation[sdk=iphoneos*]" = YES;
				"INFOPLIST_KEY_UILaunchScreen_Generation[sdk=iphonesimulator*]" = YES;
				"INFOPLIST_KEY_UIStatusBarStyle[sdk=iphoneos*]" = UIStatusBarStyleDefault;
				"INFOPLIST_KEY_UIStatusBarStyle[sdk=iphonesimulator*]" = UIStatusBarStyleDefault;
				INFOPLIST_KEY_UISupportedInterfaceOrientations = UIInterfaceOrientationPortrait;
				INFOPLIST_KEY_UISupportedInterfaceOrientations_iPad = "UIInterfaceOrientationLandscapeLeft UIInterfaceOrientationLandscapeRight UIInterfaceOrientationPortrait UIInterfaceOrientationPortraitUpsideDown";
				IPHONEOS_DEPLOYMENT_TARGET = 18.0;
				LD_RUNPATH_SEARCH_PATHS = "@executable_path/Frameworks";
				"LD_RUNPATH_SEARCH_PATHS[sdk=macosx*]" = "@executable_path/../Frameworks";
				MACOSX_DEPLOYMENT_TARGET = 15.2;
				MARKETING_VERSION = 0.0.1;
				PRODUCT_BUNDLE_IDENTIFIER = com.dragonsnest.selfquiz;
				PRODUCT_NAME = "$(TARGET_NAME)";
				SDKROOT = auto;
				SUPPORTED_PLATFORMS = "iphoneos iphonesimulator";
				SUPPORTS_MACCATALYST = NO;
				SWIFT_EMIT_LOC_STRINGS = YES;
				SWIFT_VERSION = 5.0;
				TARGETED_DEVICE_FAMILY = 1;
				XROS_DEPLOYMENT_TARGET = 2.2;
			};
			name = Debug;
		};
		B53089462D16F1C70014D4AD /* Release */ = {
			isa = XCBuildConfiguration;
			buildSettings = {
				ASSETCATALOG_COMPILER_APPICON_NAME = AppIcon;
				ASSETCATALOG_COMPILER_GLOBAL_ACCENT_COLOR_NAME = AccentColor;
				CODE_SIGN_ENTITLEMENTS = App/App.entitlements;
				CODE_SIGN_STYLE = Automatic;
				CURRENT_PROJECT_VERSION = 1;
				DEVELOPMENT_ASSET_PATHS = "\"App/Preview Content\"";
				DEVELOPMENT_TEAM = P9LU65UP9B;
				ENABLE_HARDENED_RUNTIME = YES;
				ENABLE_PREVIEWS = YES;
				GENERATE_INFOPLIST_FILE = YES;
				INFOPLIST_KEY_CFBundleDisplayName = SelfQuiz;
				"INFOPLIST_KEY_UIApplicationSceneManifest_Generation[sdk=iphoneos*]" = YES;
				"INFOPLIST_KEY_UIApplicationSceneManifest_Generation[sdk=iphonesimulator*]" = YES;
				"INFOPLIST_KEY_UIApplicationSupportsIndirectInputEvents[sdk=iphoneos*]" = YES;
				"INFOPLIST_KEY_UIApplicationSupportsIndirectInputEvents[sdk=iphonesimulator*]" = YES;
				"INFOPLIST_KEY_UILaunchScreen_Generation[sdk=iphoneos*]" = YES;
				"INFOPLIST_KEY_UILaunchScreen_Generation[sdk=iphonesimulator*]" = YES;
				"INFOPLIST_KEY_UIStatusBarStyle[sdk=iphoneos*]" = UIStatusBarStyleDefault;
				"INFOPLIST_KEY_UIStatusBarStyle[sdk=iphonesimulator*]" = UIStatusBarStyleDefault;
				INFOPLIST_KEY_UISupportedInterfaceOrientations = UIInterfaceOrientationPortrait;
				INFOPLIST_KEY_UISupportedInterfaceOrientations_iPad = "UIInterfaceOrientationLandscapeLeft UIInterfaceOrientationLandscapeRight UIInterfaceOrientationPortrait UIInterfaceOrientationPortraitUpsideDown";
				IPHONEOS_DEPLOYMENT_TARGET = 18.0;
				LD_RUNPATH_SEARCH_PATHS = "@executable_path/Frameworks";
				"LD_RUNPATH_SEARCH_PATHS[sdk=macosx*]" = "@executable_path/../Frameworks";
				MACOSX_DEPLOYMENT_TARGET = 15.2;
				MARKETING_VERSION = 0.0.1;
				PRODUCT_BUNDLE_IDENTIFIER = com.dragonsnest.selfquiz;
				PRODUCT_NAME = "$(TARGET_NAME)";
				SDKROOT = auto;
				SUPPORTED_PLATFORMS = "iphoneos iphonesimulator";
				SUPPORTS_MACCATALYST = NO;
				SWIFT_EMIT_LOC_STRINGS = YES;
				SWIFT_VERSION = 5.0;
				TARGETED_DEVICE_FAMILY = 1;
				XROS_DEPLOYMENT_TARGET = 2.2;
			};
			name = Release;
		};
/* End XCBuildConfiguration section */

/* Begin XCConfigurationList section */
		B53089302D16F1C60014D4AD /* Build configuration list for PBXProject "App" */ = {
			isa = XCConfigurationList;
			buildConfigurations = (
				B53089422D16F1C70014D4AD /* Debug */,
				B53089432D16F1C70014D4AD /* Release */,
			);
			defaultConfigurationIsVisible = 0;
			defaultConfigurationName = Release;
		};
		B53089442D16F1C70014D4AD /* Build configuration list for PBXNativeTarget "App" */ = {
			isa = XCConfigurationList;
			buildConfigurations = (
				B53089452D16F1C70014D4AD /* Debug */,
				B53089462D16F1C70014D4AD /* Release */,
			);
			defaultConfigurationIsVisible = 0;
			defaultConfigurationName = Release;
		};
/* End XCConfigurationList section */

/* Begin XCRemoteSwiftPackageReference section */
		B55906B32D1708A000CC17F2 /* XCRemoteSwiftPackageReference "AlertToast" */ = {
			isa = XCRemoteSwiftPackageReference;
			repositoryURL = "https://github.com/elai950/AlertToast";
			requirement = {
				kind = upToNextMajorVersion;
				minimumVersion = 1.3.9;
			};
		};
		B55906B62D1708CB00CC17F2 /* XCRemoteSwiftPackageReference "aws-sdk-ios-spm" */ = {
			isa = XCRemoteSwiftPackageReference;
			repositoryURL = "https://github.com/aws-amplify/aws-sdk-ios-spm";
			requirement = {
				kind = upToNextMajorVersion;
				minimumVersion = 2.38.1;
			};
		};
		B55906B92D1708EF00CC17F2 /* XCRemoteSwiftPackageReference "CollectionConcurrencyKit" */ = {
			isa = XCRemoteSwiftPackageReference;
			repositoryURL = "https://github.com/JohnSundell/CollectionConcurrencyKit";
			requirement = {
				kind = upToNextMajorVersion;
				minimumVersion = 0.2.0;
			};
		};
		B55906BC2D17093C00CC17F2 /* XCRemoteSwiftPackageReference "supabase-swift" */ = {
			isa = XCRemoteSwiftPackageReference;
			repositoryURL = "https://github.com/supabase/supabase-swift";
			requirement = {
				kind = upToNextMajorVersion;
				minimumVersion = 2.5.1;
			};
		};
		B55906C52D17094E00CC17F2 /* XCRemoteSwiftPackageReference "Kingfisher" */ = {
			isa = XCRemoteSwiftPackageReference;
			repositoryURL = "https://github.com/onevcat/Kingfisher.git";
			requirement = {
				kind = upToNextMajorVersion;
				minimumVersion = 8.1.3;
			};
		};
		B55906CE2D170CCA00CC17F2 /* XCRemoteSwiftPackageReference "GoogleSignIn-iOS" */ = {
			isa = XCRemoteSwiftPackageReference;
			repositoryURL = "https://github.com/google/GoogleSignIn-iOS";
			requirement = {
				kind = upToNextMajorVersion;
				minimumVersion = 8.0.0;
			};
		};
		B55906D42D170D7C00CC17F2 /* XCRemoteSwiftPackageReference "firebase-ios-sdk" */ = {
			isa = XCRemoteSwiftPackageReference;
			repositoryURL = "https://github.com/firebase/firebase-ios-sdk.git";
			requirement = {
				kind = upToNextMajorVersion;
				minimumVersion = 11.6.0;
			};
		};
/* End XCRemoteSwiftPackageReference section */

/* Begin XCSwiftPackageProductDependency section */
		B55906B42D1708A000CC17F2 /* AlertToast */ = {
			isa = XCSwiftPackageProductDependency;
			package = B55906B32D1708A000CC17F2 /* XCRemoteSwiftPackageReference "AlertToast" */;
			productName = AlertToast;
		};
		B55906B72D1708CB00CC17F2 /* AWSS3 */ = {
			isa = XCSwiftPackageProductDependency;
			package = B55906B62D1708CB00CC17F2 /* XCRemoteSwiftPackageReference "aws-sdk-ios-spm" */;
			productName = AWSS3;
		};
		B55906BA2D1708EF00CC17F2 /* CollectionConcurrencyKit */ = {
			isa = XCSwiftPackageProductDependency;
			package = B55906B92D1708EF00CC17F2 /* XCRemoteSwiftPackageReference "CollectionConcurrencyKit" */;
			productName = CollectionConcurrencyKit;
		};
		B55906BD2D17093C00CC17F2 /* Auth */ = {
			isa = XCSwiftPackageProductDependency;
			package = B55906BC2D17093C00CC17F2 /* XCRemoteSwiftPackageReference "supabase-swift" */;
			productName = Auth;
		};
		B55906BF2D17093C00CC17F2 /* PostgREST */ = {
			isa = XCSwiftPackageProductDependency;
			package = B55906BC2D17093C00CC17F2 /* XCRemoteSwiftPackageReference "supabase-swift" */;
			productName = PostgREST;
		};
		B55906C12D17093C00CC17F2 /* Realtime */ = {
			isa = XCSwiftPackageProductDependency;
			package = B55906BC2D17093C00CC17F2 /* XCRemoteSwiftPackageReference "supabase-swift" */;
			productName = Realtime;
		};
		B55906C32D17093C00CC17F2 /* Supabase */ = {
			isa = XCSwiftPackageProductDependency;
			package = B55906BC2D17093C00CC17F2 /* XCRemoteSwiftPackageReference "supabase-swift" */;
			productName = Supabase;
		};
		B55906C62D17094E00CC17F2 /* Kingfisher */ = {
			isa = XCSwiftPackageProductDependency;
			package = B55906C52D17094E00CC17F2 /* XCRemoteSwiftPackageReference "Kingfisher" */;
			productName = Kingfisher;
		};
		B55906CF2D170CCA00CC17F2 /* GoogleSignIn */ = {
			isa = XCSwiftPackageProductDependency;
			package = B55906CE2D170CCA00CC17F2 /* XCRemoteSwiftPackageReference "GoogleSignIn-iOS" */;
			productName = GoogleSignIn;
		};
		B55906D12D170CCA00CC17F2 /* GoogleSignInSwift */ = {
			isa = XCSwiftPackageProductDependency;
			package = B55906CE2D170CCA00CC17F2 /* XCRemoteSwiftPackageReference "GoogleSignIn-iOS" */;
			productName = GoogleSignInSwift;
		};
		B55906D52D170D7C00CC17F2 /* FirebaseAnalytics */ = {
			isa = XCSwiftPackageProductDependency;
			package = B55906D42D170D7C00CC17F2 /* XCRemoteSwiftPackageReference "firebase-ios-sdk" */;
			productName = FirebaseAnalytics;
		};
		B55906D72D170D7C00CC17F2 /* FirebaseCore */ = {
			isa = XCSwiftPackageProductDependency;
			package = B55906D42D170D7C00CC17F2 /* XCRemoteSwiftPackageReference "firebase-ios-sdk" */;
			productName = FirebaseCore;
		};
		B55906D92D170D7C00CC17F2 /* FirebaseCrashlytics */ = {
			isa = XCSwiftPackageProductDependency;
			package = B55906D42D170D7C00CC17F2 /* XCRemoteSwiftPackageReference "firebase-ios-sdk" */;
			productName = FirebaseCrashlytics;
		};
		B55906E92D17264B00CC17F2 /* FirebaseMessaging */ = {
			isa = XCSwiftPackageProductDependency;
			package = B55906D42D170D7C00CC17F2 /* XCRemoteSwiftPackageReference "firebase-ios-sdk" */;
			productName = FirebaseMessaging;
		};
/* End XCSwiftPackageProductDependency section */
	};
	rootObject = B530892D2D16F1C60014D4AD /* Project object */;
}
